{
  "name": "my-razzle-app",
  "version": "0.8.7",
  "lockfileVersion": 1,
  "requires": true,
  "dependencies": {
    "classnames": {
      "version": "2.2.5",
      "resolved": "https://registry.npmjs.org/classnames/-/classnames-2.2.5.tgz",
      "integrity": "sha1-+zgB1FNGdknvNgPH1hoCvRKb3m0="
    },
    "react-styled-dropdown": {
      "version": "github:yogakurniawan/react-styled-dropdown#3c49f869a61c267c62bec6ea386a2b4fc84b4379",
      "requires": {
        "classnames": "2.2.5"
      }
    }
  }
}
