{
  "name": "my-razzle-app",
  "version": "0.1.0",
  "lockfileVersion": 1,
  "requires": true,
  "dependencies": {
    "styled-sanitize": {
      "version": "1.0.1",
      "resolved": "https://registry.npmjs.org/styled-sanitize/-/styled-sanitize-1.0.1.tgz",
      "integrity": "sha512-uIhjJ5GVHVoaiA/LtbVVhMvQFeLqJ2Cfdf4piCTUt1orc8Wawckhq1gix/L7zb59uZl1RTjUMfhMxw2LaFzaXA=="
    }
  }
}
